// !$*UTF8*$!
{
	archiveVersion = 1;
	classes = {
	};
	objectVersion = 46;
	objects = {

/* Begin PBXBuildFile section */
		F29347A71F993BAE007678D0 /* main.cpp in Sources */ = {isa = PBXBuildFile; fileRef = F29347A61F993BAE007678D0 /* main.cpp */; };
		F29347AF1F993BC1007678D0 /* GLUT.framework in Frameworks */ = {isa = PBXBuildFile; fileRef = F29347AE1F993BC1007678D0 /* GLUT.framework */; };
		F29347B11F993BC8007678D0 /* OpenGL.framework in Frameworks */ = {isa = PBXBuildFile; fileRef = F29347B01F993BC8007678D0 /* OpenGL.framework */; };
		F29347DE1F995228007678D0 /* lodepng.cpp in Sources */ = {isa = PBXBuildFile; fileRef = F29347C11F995228007678D0 /* lodepng.cpp */; };
		F29347E01F995228007678D0 /* Makefile in Sources */ = {isa = PBXBuildFile; fileRef = F29347CF1F995228007678D0 /* Makefile */; };
		F29347E11F995228007678D0 /* tinystr.cpp in Sources */ = {isa = PBXBuildFile; fileRef = F29347D11F995228007678D0 /* tinystr.cpp */; };
		F29347E21F995228007678D0 /* tinyxml.cpp in Sources */ = {isa = PBXBuildFile; fileRef = F29347D31F995228007678D0 /* tinyxml.cpp */; };
		F29347E31F995228007678D0 /* tinyxmlerror.cpp in Sources */ = {isa = PBXBuildFile; fileRef = F29347D61F995228007678D0 /* tinyxmlerror.cpp */; };
		F29347E41F995228007678D0 /* tinyxmlparser.cpp in Sources */ = {isa = PBXBuildFile; fileRef = F29347D71F995228007678D0 /* tinyxmlparser.cpp */; };
		F2E2F3D31F99671100839632 /* texture.cpp in Sources */ = {isa = PBXBuildFile; fileRef = F29347CC1F995228007678D0 /* texture.cpp */; };
		F2E2F3D61F99682400839632 /* scene.cpp in Sources */ = {isa = PBXBuildFile; fileRef = F2E2F3D41F99682400839632 /* scene.cpp */; };
/* End PBXBuildFile section */

/* Begin PBXCopyFilesBuildPhase section */
		F29347A11F993BAE007678D0 /* CopyFiles */ = {
			isa = PBXCopyFilesBuildPhase;
			buildActionMask = 2147483647;
			dstPath = /usr/share/man/man1/;
			dstSubfolderSpec = 0;
			files = (
			);
			runOnlyForDeploymentPostprocessing = 1;
		};
/* End PBXCopyFilesBuildPhase section */

/* Begin PBXFileReference section */
		F29347A31F993BAE007678D0 /* RayTracingProj8 */ = {isa = PBXFileReference; explicitFileType = "compiled.mach-o.executable"; includeInIndex = 0; path = RayTracingProj8; sourceTree = BUILT_PRODUCTS_DIR; };
		F29347A61F993BAE007678D0 /* main.cpp */ = {isa = PBXFileReference; lastKnownFileType = sourcecode.cpp.cpp; path = main.cpp; sourceTree = "<group>"; };
		F29347AE1F993BC1007678D0 /* GLUT.framework */ = {isa = PBXFileReference; lastKnownFileType = wrapper.framework; name = GLUT.framework; path = System/Library/Frameworks/GLUT.framework; sourceTree = SDKROOT; };
		F29347B01F993BC8007678D0 /* OpenGL.framework */ = {isa = PBXFileReference; lastKnownFileType = wrapper.framework; name = OpenGL.framework; path = System/Library/Frameworks/OpenGL.framework; sourceTree = SDKROOT; };
		F29347B21F995228007678D0 /* box.xml */ = {isa = PBXFileReference; fileEncoding = 4; lastKnownFileType = text.xml; path = box.xml; sourceTree = "<group>"; };
		F29347B31F995228007678D0 /* bricks.png */ = {isa = PBXFileReference; lastKnownFileType = image.png; path = bricks.png; sourceTree = "<group>"; };
		F29347B41F995228007678D0 /* clouds.png */ = {isa = PBXFileReference; lastKnownFileType = image.png; path = clouds.png; sourceTree = "<group>"; };
		F29347B61F995228007678D0 /* cmake_install.cmake */ = {isa = PBXFileReference; fileEncoding = 4; lastKnownFileType = text; path = cmake_install.cmake; sourceTree = "<group>"; };
		F29347B81F995228007678D0 /* CMakeDirectoryInformation.cmake */ = {isa = PBXFileReference; fileEncoding = 4; lastKnownFileType = text; path = CMakeDirectoryInformation.cmake; sourceTree = "<group>"; };
		F29347B91F995228007678D0 /* progress.marks */ = {isa = PBXFileReference; fileEncoding = 4; lastKnownFileType = text; path = progress.marks; sourceTree = "<group>"; };
		F29347BA1F995228007678D0 /* cyBVH.h */ = {isa = PBXFileReference; fileEncoding = 4; lastKnownFileType = sourcecode.c.h; path = cyBVH.h; sourceTree = "<group>"; };
		F29347BB1F995228007678D0 /* cyColor.h */ = {isa = PBXFileReference; fileEncoding = 4; lastKnownFileType = sourcecode.c.h; path = cyColor.h; sourceTree = "<group>"; };
		F29347BC1F995228007678D0 /* cyCore.h */ = {isa = PBXFileReference; fileEncoding = 4; lastKnownFileType = sourcecode.c.h; path = cyCore.h; sourceTree = "<group>"; };
		F29347BD1F995228007678D0 /* cyMatrix.h */ = {isa = PBXFileReference; fileEncoding = 4; lastKnownFileType = sourcecode.c.h; path = cyMatrix.h; sourceTree = "<group>"; };
		F29347BE1F995228007678D0 /* cyPoint.h */ = {isa = PBXFileReference; fileEncoding = 4; lastKnownFileType = sourcecode.c.h; path = cyPoint.h; sourceTree = "<group>"; };
		F29347BF1F995228007678D0 /* cyTriMesh.h */ = {isa = PBXFileReference; fileEncoding = 4; lastKnownFileType = sourcecode.c.h; path = cyTriMesh.h; sourceTree = "<group>"; };
		F29347C01F995228007678D0 /* lights.h */ = {isa = PBXFileReference; fileEncoding = 4; lastKnownFileType = sourcecode.c.h; path = lights.h; sourceTree = "<group>"; };
		F29347C11F995228007678D0 /* lodepng.cpp */ = {isa = PBXFileReference; fileEncoding = 4; lastKnownFileType = sourcecode.cpp.cpp; path = lodepng.cpp; sourceTree = "<group>"; };
		F29347C21F995228007678D0 /* lodepng.h */ = {isa = PBXFileReference; fileEncoding = 4; lastKnownFileType = sourcecode.c.h; path = lodepng.h; sourceTree = "<group>"; };
		F29347C31F995228007678D0 /* materials.h */ = {isa = PBXFileReference; fileEncoding = 4; lastKnownFileType = sourcecode.c.h; path = materials.h; sourceTree = "<group>"; };
		F29347C41F995228007678D0 /* objects.h */ = {isa = PBXFileReference; fileEncoding = 4; lastKnownFileType = sourcecode.c.h; path = objects.h; sourceTree = "<group>"; };
		F29347C51F995228007678D0 /* scene.h */ = {isa = PBXFileReference; fileEncoding = 4; lastKnownFileType = sourcecode.c.h; path = scene.h; sourceTree = "<group>"; };
		F29347C61F995228007678D0 /* texture.h */ = {isa = PBXFileReference; fileEncoding = 4; lastKnownFileType = sourcecode.c.h; path = texture.h; sourceTree = "<group>"; };
		F29347C71F995228007678D0 /* plane.obj */ = {isa = PBXFileReference; fileEncoding = 4; lastKnownFileType = text; path = plane.obj; sourceTree = "<group>"; };
		F29347C81F995228007678D0 /* prj7.png */ = {isa = PBXFileReference; lastKnownFileType = image.png; path = prj7.png; sourceTree = "<group>"; };
		F29347C91F995228007678D0 /* scene.xml */ = {isa = PBXFileReference; fileEncoding = 4; lastKnownFileType = text.xml; path = scene.xml; sourceTree = "<group>"; };
		F29347CA1F995228007678D0 /* teapot.obj */ = {isa = PBXFileReference; fileEncoding = 4; lastKnownFileType = text; path = teapot.obj; sourceTree = "<group>"; };
		F29347CB1F995228007678D0 /* teapotlow.obj */ = {isa = PBXFileReference; fileEncoding = 4; lastKnownFileType = text; path = teapotlow.obj; sourceTree = "<group>"; };
		F29347CC1F995228007678D0 /* texture.cpp */ = {isa = PBXFileReference; fileEncoding = 4; lastKnownFileType = sourcecode.cpp.cpp; path = texture.cpp; sourceTree = "<group>"; };
		F29347CE1F995228007678D0 /* changes.txt */ = {isa = PBXFileReference; fileEncoding = 4; lastKnownFileType = text; path = changes.txt; sourceTree = "<group>"; };
		F29347CF1F995228007678D0 /* Makefile */ = {isa = PBXFileReference; fileEncoding = 4; lastKnownFileType = sourcecode.make; path = Makefile; sourceTree = "<group>"; };
		F29347D01F995228007678D0 /* readme.txt */ = {isa = PBXFileReference; fileEncoding = 4; lastKnownFileType = text; path = readme.txt; sourceTree = "<group>"; };
		F29347D11F995228007678D0 /* tinystr.cpp */ = {isa = PBXFileReference; fileEncoding = 4; lastKnownFileType = sourcecode.cpp.cpp; path = tinystr.cpp; sourceTree = "<group>"; };
		F29347D21F995228007678D0 /* tinystr.h */ = {isa = PBXFileReference; fileEncoding = 4; lastKnownFileType = sourcecode.c.h; path = tinystr.h; sourceTree = "<group>"; };
		F29347D31F995228007678D0 /* tinyxml.cpp */ = {isa = PBXFileReference; fileEncoding = 4; lastKnownFileType = sourcecode.cpp.cpp; path = tinyxml.cpp; sourceTree = "<group>"; };
		F29347D41F995228007678D0 /* tinyxml.h */ = {isa = PBXFileReference; fileEncoding = 4; lastKnownFileType = sourcecode.c.h; path = tinyxml.h; sourceTree = "<group>"; };
		F29347D51F995228007678D0 /* tinyxml.sln */ = {isa = PBXFileReference; fileEncoding = 4; lastKnownFileType = text; path = tinyxml.sln; sourceTree = "<group>"; };
		F29347D61F995228007678D0 /* tinyxmlerror.cpp */ = {isa = PBXFileReference; fileEncoding = 4; lastKnownFileType = sourcecode.cpp.cpp; path = tinyxmlerror.cpp; sourceTree = "<group>"; };
		F29347D71F995228007678D0 /* tinyxmlparser.cpp */ = {isa = PBXFileReference; fileEncoding = 4; lastKnownFileType = sourcecode.cpp.cpp; path = tinyxmlparser.cpp; sourceTree = "<group>"; };
		F29347D81F995228007678D0 /* utf8test.gif */ = {isa = PBXFileReference; lastKnownFileType = image.gif; path = utf8test.gif; sourceTree = "<group>"; };
		F29347D91F995228007678D0 /* utf8test.xml */ = {isa = PBXFileReference; fileEncoding = 4; lastKnownFileType = text.xml; path = utf8test.xml; sourceTree = "<group>"; };
		F29347DA1F995228007678D0 /* utf8testverify.xml */ = {isa = PBXFileReference; fileEncoding = 4; lastKnownFileType = text.xml; path = utf8testverify.xml; sourceTree = "<group>"; };
		F29347DB1F995228007678D0 /* xmltest.cpp */ = {isa = PBXFileReference; fileEncoding = 4; lastKnownFileType = sourcecode.cpp.cpp; path = xmltest.cpp; sourceTree = "<group>"; };
		F29347DC1F995228007678D0 /* viewport.cpp */ = {isa = PBXFileReference; fileEncoding = 4; lastKnownFileType = sourcecode.cpp.cpp; path = viewport.cpp; sourceTree = "<group>"; };
		F29347DD1F995228007678D0 /* xmlload.cpp */ = {isa = PBXFileReference; fileEncoding = 4; lastKnownFileType = sourcecode.cpp.cpp; path = xmlload.cpp; sourceTree = "<group>"; };
		F2E2F3D41F99682400839632 /* scene.cpp */ = {isa = PBXFileReference; fileEncoding = 4; lastKnownFileType = sourcecode.cpp.cpp; path = scene.cpp; sourceTree = "<group>"; };
/* End PBXFileReference section */

/* Begin PBXFrameworksBuildPhase section */
		F29347A01F993BAE007678D0 /* Frameworks */ = {
			isa = PBXFrameworksBuildPhase;
			buildActionMask = 2147483647;
			files = (
				F29347B11F993BC8007678D0 /* OpenGL.framework in Frameworks */,
				F29347AF1F993BC1007678D0 /* GLUT.framework in Frameworks */,
			);
			runOnlyForDeploymentPostprocessing = 0;
		};
/* End PBXFrameworksBuildPhase section */

/* Begin PBXGroup section */
		F293479A1F993BAE007678D0 = {
			isa = PBXGroup;
			children = (
				F29347A51F993BAE007678D0 /* RayTracingProj8 */,
				F29347A41F993BAE007678D0 /* Products */,
				F29347AD1F993BC0007678D0 /* Frameworks */,
			);
			sourceTree = "<group>";
		};
		F29347A41F993BAE007678D0 /* Products */ = {
			isa = PBXGroup;
			children = (
				F29347A31F993BAE007678D0 /* RayTracingProj8 */,
			);
			name = Products;
			sourceTree = "<group>";
		};
		F29347A51F993BAE007678D0 /* RayTracingProj8 */ = {
			isa = PBXGroup;
			children = (
				F29347B21F995228007678D0 /* box.xml */,
				F29347B31F995228007678D0 /* bricks.png */,
				F29347B41F995228007678D0 /* clouds.png */,
				F29347B51F995228007678D0 /* include */,
				F29347C71F995228007678D0 /* plane.obj */,
				F29347C81F995228007678D0 /* prj7.png */,
				F29347C91F995228007678D0 /* scene.xml */,
				F29347CA1F995228007678D0 /* teapot.obj */,
				F29347CB1F995228007678D0 /* teapotlow.obj */,
				F29347CC1F995228007678D0 /* texture.cpp */,
				F2E2F3D41F99682400839632 /* scene.cpp */,
				F29347CD1F995228007678D0 /* tinyxml */,
				F29347DC1F995228007678D0 /* viewport.cpp */,
				F29347DD1F995228007678D0 /* xmlload.cpp */,
				F29347A61F993BAE007678D0 /* main.cpp */,
			);
			path = RayTracingProj8;
			sourceTree = "<group>";
		};
		F29347AD1F993BC0007678D0 /* Frameworks */ = {
			isa = PBXGroup;
			children = (
				F29347B01F993BC8007678D0 /* OpenGL.framework */,
				F29347AE1F993BC1007678D0 /* GLUT.framework */,
			);
			name = Frameworks;
			sourceTree = "<group>";
		};
		F29347B51F995228007678D0 /* include */ = {
			isa = PBXGroup;
			children = (
				F29347B61F995228007678D0 /* cmake_install.cmake */,
				F29347B71F995228007678D0 /* CMakeFiles */,
				F29347BA1F995228007678D0 /* cyBVH.h */,
				F29347BB1F995228007678D0 /* cyColor.h */,
				F29347BC1F995228007678D0 /* cyCore.h */,
				F29347BD1F995228007678D0 /* cyMatrix.h */,
				F29347BE1F995228007678D0 /* cyPoint.h */,
				F29347BF1F995228007678D0 /* cyTriMesh.h */,
				F29347C01F995228007678D0 /* lights.h */,
				F29347C11F995228007678D0 /* lodepng.cpp */,
				F29347C21F995228007678D0 /* lodepng.h */,
				F29347C31F995228007678D0 /* materials.h */,
				F29347C41F995228007678D0 /* objects.h */,
				F29347C51F995228007678D0 /* scene.h */,
				F29347C61F995228007678D0 /* texture.h */,
			);
			path = include;
			sourceTree = "<group>";
		};
		F29347B71F995228007678D0 /* CMakeFiles */ = {
			isa = PBXGroup;
			children = (
				F29347B81F995228007678D0 /* CMakeDirectoryInformation.cmake */,
				F29347B91F995228007678D0 /* progress.marks */,
			);
			path = CMakeFiles;
			sourceTree = "<group>";
		};
		F29347CD1F995228007678D0 /* tinyxml */ = {
			isa = PBXGroup;
			children = (
				F29347CE1F995228007678D0 /* changes.txt */,
				F29347CF1F995228007678D0 /* Makefile */,
				F29347D01F995228007678D0 /* readme.txt */,
				F29347D11F995228007678D0 /* tinystr.cpp */,
				F29347D21F995228007678D0 /* tinystr.h */,
				F29347D31F995228007678D0 /* tinyxml.cpp */,
				F29347D41F995228007678D0 /* tinyxml.h */,
				F29347D51F995228007678D0 /* tinyxml.sln */,
				F29347D61F995228007678D0 /* tinyxmlerror.cpp */,
				F29347D71F995228007678D0 /* tinyxmlparser.cpp */,
				F29347D81F995228007678D0 /* utf8test.gif */,
				F29347D91F995228007678D0 /* utf8test.xml */,
				F29347DA1F995228007678D0 /* utf8testverify.xml */,
				F29347DB1F995228007678D0 /* xmltest.cpp */,
			);
			path = tinyxml;
			sourceTree = "<group>";
		};
/* End PBXGroup section */

/* Begin PBXNativeTarget section */
		F29347A21F993BAE007678D0 /* RayTracingProj8 */ = {
			isa = PBXNativeTarget;
			buildConfigurationList = F29347AA1F993BAE007678D0 /* Build configuration list for PBXNativeTarget "RayTracingProj8" */;
			buildPhases = (
				F293479F1F993BAE007678D0 /* Sources */,
				F29347A01F993BAE007678D0 /* Frameworks */,
				F29347A11F993BAE007678D0 /* CopyFiles */,
			);
			buildRules = (
			);
			dependencies = (
			);
			name = RayTracingProj8;
			productName = RayTracingProj8;
			productReference = F29347A31F993BAE007678D0 /* RayTracingProj8 */;
			productType = "com.apple.product-type.tool";
		};
/* End PBXNativeTarget section */

/* Begin PBXProject section */
		F293479B1F993BAE007678D0 /* Project object */ = {
			isa = PBXProject;
			attributes = {
				LastUpgradeCheck = 0820;
				ORGANIZATIONNAME = "Hsuan Lee";
				TargetAttributes = {
					F29347A21F993BAE007678D0 = {
						CreatedOnToolsVersion = 8.2.1;
						DevelopmentTeam = 57HFA229TN;
						ProvisioningStyle = Automatic;
					};
				};
			};
			buildConfigurationList = F293479E1F993BAE007678D0 /* Build configuration list for PBXProject "RayTracingProj8" */;
			compatibilityVersion = "Xcode 3.2";
			developmentRegion = English;
			hasScannedForEncodings = 0;
			knownRegions = (
				en,
			);
			mainGroup = F293479A1F993BAE007678D0;
			productRefGroup = F29347A41F993BAE007678D0 /* Products */;
			projectDirPath = "";
			projectRoot = "";
			targets = (
				F29347A21F993BAE007678D0 /* RayTracingProj8 */,
			);
		};
/* End PBXProject section */

/* Begin PBXSourcesBuildPhase section */
		F293479F1F993BAE007678D0 /* Sources */ = {
			isa = PBXSourcesBuildPhase;
			buildActionMask = 2147483647;
			files = (
				F29347E01F995228007678D0 /* Makefile in Sources */,
				F2E2F3D61F99682400839632 /* scene.cpp in Sources */,
				F29347A71F993BAE007678D0 /* main.cpp in Sources */,
				F29347E21F995228007678D0 /* tinyxml.cpp in Sources */,
				F29347E11F995228007678D0 /* tinystr.cpp in Sources */,
				F2E2F3D31F99671100839632 /* texture.cpp in Sources */,
				F29347E41F995228007678D0 /* tinyxmlparser.cpp in Sources */,
				F29347E31F995228007678D0 /* tinyxmlerror.cpp in Sources */,
				F29347DE1F995228007678D0 /* lodepng.cpp in Sources */,
			);
			runOnlyForDeploymentPostprocessing = 0;
		};
/* End PBXSourcesBuildPhase section */

/* Begin XCBuildConfiguration section */
		F29347A81F993BAE007678D0 /* Debug */ = {
			isa = XCBuildConfiguration;
			buildSettings = {
				ALWAYS_SEARCH_USER_PATHS = NO;
				CLANG_ANALYZER_NONNULL = YES;
				CLANG_CXX_LANGUAGE_STANDARD = "gnu++0x";
				CLANG_CXX_LIBRARY = "libc++";
				CLANG_ENABLE_MODULES = YES;
				CLANG_ENABLE_OBJC_ARC = YES;
				CLANG_WARN_BOOL_CONVERSION = YES;
				CLANG_WARN_CONSTANT_CONVERSION = YES;
				CLANG_WARN_DIRECT_OBJC_ISA_USAGE = YES_ERROR;
				CLANG_WARN_DOCUMENTATION_COMMENTS = YES;
				CLANG_WARN_EMPTY_BODY = YES;
				CLANG_WARN_ENUM_CONVERSION = YES;
				CLANG_WARN_INFINITE_RECURSION = YES;
				CLANG_WARN_INT_CONVERSION = YES;
				CLANG_WARN_OBJC_ROOT_CLASS = YES_ERROR;
				CLANG_WARN_SUSPICIOUS_MOVE = YES;
				CLANG_WARN_UNREACHABLE_CODE = YES;
				CLANG_WARN__DUPLICATE_METHOD_MATCH = YES;
				CODE_SIGN_IDENTITY = "-";
				COPY_PHASE_STRIP = NO;
				DEBUG_INFORMATION_FORMAT = dwarf;
				ENABLE_STRICT_OBJC_MSGSEND = YES;
				ENABLE_TESTABILITY = YES;
				GCC_C_LANGUAGE_STANDARD = gnu99;
				GCC_DYNAMIC_NO_PIC = NO;
				GCC_NO_COMMON_BLOCKS = YES;
				GCC_OPTIMIZATION_LEVEL = 0;
				GCC_PREPROCESSOR_DEFINITIONS = (
					"DEBUG=1",
					"$(inherited)",
				);
				GCC_WARN_64_TO_32_BIT_CONVERSION = YES;
				GCC_WARN_ABOUT_RETURN_TYPE = YES_ERROR;
				GCC_WARN_UNDECLARED_SELECTOR = YES;
				GCC_WARN_UNINITIALIZED_AUTOS = YES_AGGRESSIVE;
				GCC_WARN_UNUSED_FUNCTION = YES;
				GCC_WARN_UNUSED_VARIABLE = YES;
				MACOSX_DEPLOYMENT_TARGET = 10.11;
				MTL_ENABLE_DEBUG_INFO = YES;
				ONLY_ACTIVE_ARCH = YES;
				SDKROOT = macosx;
			};
			name = Debug;
		};
		F29347A91F993BAE007678D0 /* Release */ = {
			isa = XCBuildConfiguration;
			buildSettings = {
				ALWAYS_SEARCH_USER_PATHS = NO;
				CLANG_ANALYZER_NONNULL = YES;
				CLANG_CXX_LANGUAGE_STANDARD = "gnu++0x";
				CLANG_CXX_LIBRARY = "libc++";
				CLANG_ENABLE_MODULES = YES;
				CLANG_ENABLE_OBJC_ARC = YES;
				CLANG_WARN_BOOL_CONVERSION = YES;
				CLANG_WARN_CONSTANT_CONVERSION = YES;
				CLANG_WARN_DIRECT_OBJC_ISA_USAGE = YES_ERROR;
				CLANG_WARN_DOCUMENTATION_COMMENTS = YES;
				CLANG_WARN_EMPTY_BODY = YES;
				CLANG_WARN_ENUM_CONVERSION = YES;
				CLANG_WARN_INFINITE_RECURSION = YES;
				CLANG_WARN_INT_CONVERSION = YES;
				CLANG_WARN_OBJC_ROOT_CLASS = YES_ERROR;
				CLANG_WARN_SUSPICIOUS_MOVE = YES;
				CLANG_WARN_UNREACHABLE_CODE = YES;
				CLANG_WARN__DUPLICATE_METHOD_MATCH = YES;
				CODE_SIGN_IDENTITY = "-";
				COPY_PHASE_STRIP = NO;
				DEBUG_INFORMATION_FORMAT = "dwarf-with-dsym";
				ENABLE_NS_ASSERTIONS = NO;
				ENABLE_STRICT_OBJC_MSGSEND = YES;
				GCC_C_LANGUAGE_STANDARD = gnu99;
				GCC_NO_COMMON_BLOCKS = YES;
				GCC_WARN_64_TO_32_BIT_CONVERSION = YES;
				GCC_WARN_ABOUT_RETURN_TYPE = YES_ERROR;
				GCC_WARN_UNDECLARED_SELECTOR = YES;
				GCC_WARN_UNINITIALIZED_AUTOS = YES_AGGRESSIVE;
				GCC_WARN_UNUSED_FUNCTION = YES;
				GCC_WARN_UNUSED_VARIABLE = YES;
				MACOSX_DEPLOYMENT_TARGET = 10.11;
				MTL_ENABLE_DEBUG_INFO = NO;
				SDKROOT = macosx;
			};
			name = Release;
		};
		F29347AB1F993BAE007678D0 /* Debug */ = {
			isa = XCBuildConfiguration;
			buildSettings = {
				DEVELOPMENT_TEAM = 57HFA229TN;
				PRODUCT_NAME = "$(TARGET_NAME)";
			};
			name = Debug;
		};
		F29347AC1F993BAE007678D0 /* Release */ = {
			isa = XCBuildConfiguration;
			buildSettings = {
				DEVELOPMENT_TEAM = 57HFA229TN;
				PRODUCT_NAME = "$(TARGET_NAME)";
			};
			name = Release;
		};
/* End XCBuildConfiguration section */

/* Begin XCConfigurationList section */
		F293479E1F993BAE007678D0 /* Build configuration list for PBXProject "RayTracingProj8" */ = {
			isa = XCConfigurationList;
			buildConfigurations = (
				F29347A81F993BAE007678D0 /* Debug */,
				F29347A91F993BAE007678D0 /* Release */,
			);
			defaultConfigurationIsVisible = 0;
			defaultConfigurationName = Release;
		};
		F29347AA1F993BAE007678D0 /* Build configuration list for PBXNativeTarget "RayTracingProj8" */ = {
			isa = XCConfigurationList;
			buildConfigurations = (
				F29347AB1F993BAE007678D0 /* Debug */,
				F29347AC1F993BAE007678D0 /* Release */,
			);
			defaultConfigurationIsVisible = 0;
			defaultConfigurationName = Release;
		};
/* End XCConfigurationList section */
	};
	rootObject = F293479B1F993BAE007678D0 /* Project object */;
}
